
Microsoft Visual Studio Solution File, Format Version 12.00
# Visual Studio Version 16
VisualStudioVersion = 16.0.29418.71
MinimumVisualStudioVersion = 10.0.40219.1
Project("{FAE04EC0-301F-11D3-BF4B-00C04F79EFBC}") = "Lexico", "Lexico.csproj", "{9C1D1DC7-7EEA-4086-8050-11ED94559A0A}"
EndProject
Global
	GlobalSection(SolutionConfigurationPlatforms) = preSolution
		Debug|Any CPU = Debug|Any CPU
		Release|Any CPU = Release|Any CPU
	EndGlobalSection
	GlobalSection(ProjectConfigurationPlatforms) = postSolution
		{9C1D1DC7-7EEA-4086-8050-11ED94559A0A}.Debug|Any CPU.ActiveCfg = Debug|Any CPU
		{9C1D1DC7-7EEA-4086-8050-11ED94559A0A}.Debug|Any CPU.Build.0 = Debug|Any CPU
		{9C1D1DC7-7EEA-4086-8050-11ED94559A0A}.Release|Any CPU.ActiveCfg = Release|Any CPU
		{9C1D1DC7-7EEA-4086-8050-11ED94559A0A}.Release|Any CPU.Build.0 = Release|Any CPU
	EndGlobalSection
	GlobalSection(SolutionProperties) = preSolution
		HideSolutionNode = FALSE
	EndGlobalSection
	GlobalSection(ExtensibilityGlobals) = postSolution
		SolutionGuid = {BD30394D-D5B1-4C62-8CA8-7B961981EF2A}
	EndGlobalSection
EndGlobal
